
Microsoft Visual Studio Solution File, Format Version 12.00
# Visual Studio Version 16
VisualStudioVersion = 16.0.29409.12
MinimumVisualStudioVersion = 10.0.40219.1
Project("{9A19103F-16F7-4668-BE54-9A1E7A4F7556}") = "Force.DataLayer", "Force.DataLayer\Force.DataLayer.csproj", "{027393BC-8750-4CB3-B1D3-731C84EBFBF4}"
EndProject
Project("{9A19103F-16F7-4668-BE54-9A1E7A4F7556}") = "Force.Model", "Force.Model\Force.Model.csproj", "{6A18E0BD-EAB5-47A7-B172-21725D074263}"
EndProject
Project("{9A19103F-16F7-4668-BE54-9A1E7A4F7556}") = "Force.App", "Force.App\Force.App.csproj", "{97ED6F18-FB87-4E04-A66D-48F3C86AEEA6}"
EndProject
Project("{9A19103F-16F7-4668-BE54-9A1E7A4F7556}") = "Force.Common", "Force.Common\Force.Common.csproj", "{7EE43C11-51CC-4218-902C-499450BEF822}"
EndProject
Global
	GlobalSection(SolutionConfigurationPlatforms) = preSolution
		Debug|Any CPU = Debug|Any CPU
		Release|Any CPU = Release|Any CPU
	EndGlobalSection
	GlobalSection(ProjectConfigurationPlatforms) = postSolution
		{027393BC-8750-4CB3-B1D3-731C84EBFBF4}.Debug|Any CPU.ActiveCfg = Debug|Any CPU
		{027393BC-8750-4CB3-B1D3-731C84EBFBF4}.Debug|Any CPU.Build.0 = Debug|Any CPU
		{027393BC-8750-4CB3-B1D3-731C84EBFBF4}.Release|Any CPU.ActiveCfg = Release|Any CPU
		{027393BC-8750-4CB3-B1D3-731C84EBFBF4}.Release|Any CPU.Build.0 = Release|Any CPU
		{6A18E0BD-EAB5-47A7-B172-21725D074263}.Debug|Any CPU.ActiveCfg = Debug|Any CPU
		{6A18E0BD-EAB5-47A7-B172-21725D074263}.Debug|Any CPU.Build.0 = Debug|Any CPU
		{6A18E0BD-EAB5-47A7-B172-21725D074263}.Release|Any CPU.ActiveCfg = Release|Any CPU
		{6A18E0BD-EAB5-47A7-B172-21725D074263}.Release|Any CPU.Build.0 = Release|Any CPU
		{97ED6F18-FB87-4E04-A66D-48F3C86AEEA6}.Debug|Any CPU.ActiveCfg = Debug|Any CPU
		{97ED6F18-FB87-4E04-A66D-48F3C86AEEA6}.Debug|Any CPU.Build.0 = Debug|Any CPU
		{97ED6F18-FB87-4E04-A66D-48F3C86AEEA6}.Release|Any CPU.ActiveCfg = Release|Any CPU
		{97ED6F18-FB87-4E04-A66D-48F3C86AEEA6}.Release|Any CPU.Build.0 = Release|Any CPU
		{7EE43C11-51CC-4218-902C-499450BEF822}.Debug|Any CPU.ActiveCfg = Debug|Any CPU
		{7EE43C11-51CC-4218-902C-499450BEF822}.Debug|Any CPU.Build.0 = Debug|Any CPU
		{7EE43C11-51CC-4218-902C-499450BEF822}.Release|Any CPU.ActiveCfg = Release|Any CPU
		{7EE43C11-51CC-4218-902C-499450BEF822}.Release|Any CPU.Build.0 = Release|Any CPU
	EndGlobalSection
	GlobalSection(SolutionProperties) = preSolution
		HideSolutionNode = FALSE
	EndGlobalSection
	GlobalSection(ExtensibilityGlobals) = postSolution
		SolutionGuid = {7595B9D7-7372-4247-A63D-6CC9939778D9}
	EndGlobalSection
EndGlobal
